
Microsoft Visual Studio Solution File, Format Version 12.00
# Visual Studio Version 17
VisualStudioVersion = 17.11.35303.130
MinimumVisualStudioVersion = 10.0.40219.1
Project("{FAE04EC0-301F-11D3-BF4B-00C04F79EFBC}") = "Agilize", "Agilize.csproj", "{4FA24A2D-DF10-4BC7-BD59-1D6869BA1712}"
EndProject
Global
	GlobalSection(SolutionConfigurationPlatforms) = preSolution
		Debug|Any CPU = Debug|Any CPU
		Release|Any CPU = Release|Any CPU
	EndGlobalSection
	GlobalSection(ProjectConfigurationPlatforms) = postSolution
		{4FA24A2D-DF10-4BC7-BD59-1D6869BA1712}.Debug|Any CPU.ActiveCfg = Debug|Any CPU
		{4FA24A2D-DF10-4BC7-BD59-1D6869BA1712}.Debug|Any CPU.Build.0 = Debug|Any CPU
		{4FA24A2D-DF10-4BC7-BD59-1D6869BA1712}.Release|Any CPU.ActiveCfg = Release|Any CPU
		{4FA24A2D-DF10-4BC7-BD59-1D6869BA1712}.Release|Any CPU.Build.0 = Release|Any CPU
	EndGlobalSection
	GlobalSection(SolutionProperties) = preSolution
		HideSolutionNode = FALSE
	EndGlobalSection
	GlobalSection(ExtensibilityGlobals) = postSolution
		SolutionGuid = {427D1BBD-D44E-4888-977D-8E7E117E4306}
	EndGlobalSection
EndGlobal
